// !$*UTF8*$!
{
	archiveVersion = 1;
	classes = {
	};
	objectVersion = 46;
	objects = {

/* Begin PBXBuildFile section */
		00E356F31AD99517003FC87E /* covid19Tests.m in Sources */ = {isa = PBXBuildFile; fileRef = 00E356F21AD99517003FC87E /* covid19Tests.m */; };
		0379829D61FC491289BE6CBF /* Montserrat-ExtraBoldItalic.otf in Resources */ = {isa = PBXBuildFile; fileRef = 2BACA1C4EDAD4A4A9E223C66 /* Montserrat-ExtraBoldItalic.otf */; };
		0E0F436FA9EF85E4AB66D75B /* libPods-covid19.a in Frameworks */ = {isa = PBXBuildFile; fileRef = 25E52A3D238539767B19BE67 /* libPods-covid19.a */; };
		13B07FBC1A68108700A75B9A /* AppDelegate.m in Sources */ = {isa = PBXBuildFile; fileRef = 13B07FB01A68108700A75B9A /* AppDelegate.m */; };
		13B07FBD1A68108700A75B9A /* LaunchScreen.xib in Resources */ = {isa = PBXBuildFile; fileRef = 13B07FB11A68108700A75B9A /* LaunchScreen.xib */; };
		13B07FBF1A68108700A75B9A /* Images.xcassets in Resources */ = {isa = PBXBuildFile; fileRef = 13B07FB51A68108700A75B9A /* Images.xcassets */; };
		13B07FC11A68108700A75B9A /* main.m in Sources */ = {isa = PBXBuildFile; fileRef = 13B07FB71A68108700A75B9A /* main.m */; };
		19E7D71FD4064062A07D2F70 /* Montserrat-Italic.otf in Resources */ = {isa = PBXBuildFile; fileRef = 5FF9D8FAD32449938D78CB0E /* Montserrat-Italic.otf */; };
		1BEF3D5C823BED68BD51F470 /* libPods-covid19-covid19Tests.a in Frameworks */ = {isa = PBXBuildFile; fileRef = E3AE32FED4FE2A24C2AFD245 /* libPods-covid19-covid19Tests.a */; };
		22C63023623F4D5D8BFAB470 /* MontserratAlternates-ExtraBold.otf in Resources */ = {isa = PBXBuildFile; fileRef = 713D02CE775846A9B0A80830 /* MontserratAlternates-ExtraBold.otf */; };
		244DA35E64764C2FA3DD2B9A /* Montserrat-Medium.otf in Resources */ = {isa = PBXBuildFile; fileRef = B5B55AE22A2F41AFB9E917D1 /* Montserrat-Medium.otf */; };
		2D02E4BC1E0B4A80006451C7 /* AppDelegate.m in Sources */ = {isa = PBXBuildFile; fileRef = 13B07FB01A68108700A75B9A /* AppDelegate.m */; };
		2D02E4BD1E0B4A84006451C7 /* Images.xcassets in Resources */ = {isa = PBXBuildFile; fileRef = 13B07FB51A68108700A75B9A /* Images.xcassets */; };
		2D02E4BF1E0B4AB3006451C7 /* main.m in Sources */ = {isa = PBXBuildFile; fileRef = 13B07FB71A68108700A75B9A /* main.m */; };
		2DCD954D1E0B4F2C00145EB5 /* covid19Tests.m in Sources */ = {isa = PBXBuildFile; fileRef = 00E356F21AD99517003FC87E /* covid19Tests.m */; };
		31262FD2BCAB4842BE2DCA1D /* Montserrat-ExtraBold.otf in Resources */ = {isa = PBXBuildFile; fileRef = 2D557C94F328461292DC9E93 /* Montserrat-ExtraBold.otf */; };
		36BE136E5E5843FE896668D3 /* Montserrat-LightItalic.otf in Resources */ = {isa = PBXBuildFile; fileRef = C45CF7403D3B487D87337454 /* Montserrat-LightItalic.otf */; };
		427BDAB20B474088AE76B0AB /* Montserrat-MediumItalic.otf in Resources */ = {isa = PBXBuildFile; fileRef = C390A98F6CEA40E6B2345896 /* Montserrat-MediumItalic.otf */; };
		4C8CD8C0EC1A4285A23FA601 /* MontserratAlternates-SemiBoldItalic.otf in Resources */ = {isa = PBXBuildFile; fileRef = E7BA316D5B3542FDA4BD9591 /* MontserratAlternates-SemiBoldItalic.otf */; };
		50329E18075C45AF9168BC35 /* MontserratAlternates-BoldItalic.otf in Resources */ = {isa = PBXBuildFile; fileRef = 25A79D76B5D742F5A591BBEB /* MontserratAlternates-BoldItalic.otf */; };
		6025CE66CDDE6E1CEA2BB828 /* libPods-covid19-tvOSTests.a in Frameworks */ = {isa = PBXBuildFile; fileRef = A47D05B5F9FB423C8E292E7E /* libPods-covid19-tvOSTests.a */; };
		6F05F606C9A74596A89B4354 /* Montserrat-ThinItalic.otf in Resources */ = {isa = PBXBuildFile; fileRef = D894EC0E867648BEB0939D3F /* Montserrat-ThinItalic.otf */; };
		73C08FDD63C243349975F017 /* Montserrat-Light.otf in Resources */ = {isa = PBXBuildFile; fileRef = DDB467D8BCEE4C80B3224456 /* Montserrat-Light.otf */; };
		846260AECF8D4D34A7C67541 /* MontserratAlternates-ThinItalic.otf in Resources */ = {isa = PBXBuildFile; fileRef = 8B3F69919E944DCC98027068 /* MontserratAlternates-ThinItalic.otf */; };
		8C1EC00AE6D844B6BD1A12D5 /* Montserrat-BoldItalic.otf in Resources */ = {isa = PBXBuildFile; fileRef = 4EFA844C5897422FB70344F9 /* Montserrat-BoldItalic.otf */; };
		8EE8799B142E4C13ADB591C8 /* Montserrat-Thin.otf in Resources */ = {isa = PBXBuildFile; fileRef = 9EBC763F2491487C92210FDA /* Montserrat-Thin.otf */; };
		8F999F6F6F254C50A4B7A657 /* MontserratAlternates-SemiBold.otf in Resources */ = {isa = PBXBuildFile; fileRef = 11474E644EB446DFBBCE79F1 /* MontserratAlternates-SemiBold.otf */; };
		92D84E51D9C54DC589E1E831 /* MontserratAlternates-ExtraBoldItalic.otf in Resources */ = {isa = PBXBuildFile; fileRef = 528C4BDB2BB24A18891C6392 /* MontserratAlternates-ExtraBoldItalic.otf */; };
		A99CE4522D7D4BB6A65BA542 /* Montserrat-BlackItalic.otf in Resources */ = {isa = PBXBuildFile; fileRef = 477F8282CD054561AE96E8EA /* Montserrat-BlackItalic.otf */; };
		A9FD0D894E484846BC32219C /* MontserratAlternates-Light.otf in Resources */ = {isa = PBXBuildFile; fileRef = 341D0AEFD4D04CB9934B372D /* MontserratAlternates-Light.otf */; };
		ABFE960784734A5BBE066565 /* Montserrat-Black.otf in Resources */ = {isa = PBXBuildFile; fileRef = 1B5C7F0B67594D86B1161815 /* Montserrat-Black.otf */; };
		ADDD6A71B3A44A7097F29C64 /* MontserratAlternates-ExtraLightItalic.otf in Resources */ = {isa = PBXBuildFile; fileRef = 49198A1F04394B42899ECCAA /* MontserratAlternates-ExtraLightItalic.otf */; };
		B1C50C7A21B34A0D8C4FB1DD /* Montserrat-ExtraLightItalic.otf in Resources */ = {isa = PBXBuildFile; fileRef = 64CEC9CCF86040E79BCC1BF5 /* Montserrat-ExtraLightItalic.otf */; };
		B2A94F7DD53049F396BE71BA /* Montserrat-Regular.otf in Resources */ = {isa = PBXBuildFile; fileRef = 9EB4DE6057AE45B0BBB0316F /* Montserrat-Regular.otf */; };
		B6BD14C9B9104DBBA7B039C6 /* Montserrat-ExtraLight.otf in Resources */ = {isa = PBXBuildFile; fileRef = AF7E3161A9A040F5A49D4147 /* Montserrat-ExtraLight.otf */; };
		B80255C5BA624C89A04F9966 /* MontserratAlternates-Thin.otf in Resources */ = {isa = PBXBuildFile; fileRef = 25EC471FD0AC44639426639B /* MontserratAlternates-Thin.otf */; };
		B99B0565163C44548E389936 /* MontserratAlternates-LightItalic.otf in Resources */ = {isa = PBXBuildFile; fileRef = 46652BDEBDA94698B364CD40 /* MontserratAlternates-LightItalic.otf */; };
		BA12A070E13549F8A2BBE1CD /* MontserratAlternates-Regular.otf in Resources */ = {isa = PBXBuildFile; fileRef = CA9B8B19713646E1B4C5D91E /* MontserratAlternates-Regular.otf */; };
		BD858C292DEA41FE8AAA5428 /* MontserratAlternates-Italic.otf in Resources */ = {isa = PBXBuildFile; fileRef = 880E4CA0130D44E09109E04B /* MontserratAlternates-Italic.otf */; };
		C549607DA02B46B19F9BF8B6 /* MontserratAlternates-ExtraLight.otf in Resources */ = {isa = PBXBuildFile; fileRef = 5F8550CEDAA54D7694D70673 /* MontserratAlternates-ExtraLight.otf */; };
		D31F3989C6A272D5A1E1AF64 /* libPods-covid19-tvOS.a in Frameworks */ = {isa = PBXBuildFile; fileRef = 102EF4E720E375A7CE421450 /* libPods-covid19-tvOS.a */; };
		D7CE23BDCA7E408B92A55340 /* Montserrat-SemiBold.otf in Resources */ = {isa = PBXBuildFile; fileRef = 4F909EE8DBF44D74AF5BF061 /* Montserrat-SemiBold.otf */; };
		DA0CCDEEEF2248EAB912AEF9 /* MontserratAlternates-MediumItalic.otf in Resources */ = {isa = PBXBuildFile; fileRef = A44891395AD4486C98978EBE /* MontserratAlternates-MediumItalic.otf */; };
		DCF6AA735B914C4B8C334EF9 /* Montserrat-SemiBoldItalic.otf in Resources */ = {isa = PBXBuildFile; fileRef = 61227A0ACACA44FEAEE17568 /* Montserrat-SemiBoldItalic.otf */; };
		E3566F94CCDE4B1182A25522 /* MontserratAlternates-Black.otf in Resources */ = {isa = PBXBuildFile; fileRef = BAB46E800BD24E33BAA5C172 /* MontserratAlternates-Black.otf */; };
		F4E2EC06BD734CB3A00366DE /* MontserratAlternates-BlackItalic.otf in Resources */ = {isa = PBXBuildFile; fileRef = CB541F3C911D461C908DB711 /* MontserratAlternates-BlackItalic.otf */; };
		F80D2DCE5FBC49CDAF5FCE1C /* MontserratAlternates-Medium.otf in Resources */ = {isa = PBXBuildFile; fileRef = 338909DD81AF41658E3572BA /* MontserratAlternates-Medium.otf */; };
		FDD4E999269E4C4F8BFD7EBB /* Montserrat-Bold.otf in Resources */ = {isa = PBXBuildFile; fileRef = 1C4CC31F02724A0F851890F4 /* Montserrat-Bold.otf */; };
		FEA9B1B7AD4A40CDB62CCF3B /* MontserratAlternates-Bold.otf in Resources */ = {isa = PBXBuildFile; fileRef = 29514BAB529843F6B36C2DDE /* MontserratAlternates-Bold.otf */; };
/* End PBXBuildFile section */

/* Begin PBXContainerItemProxy section */
		00E356F41AD99517003FC87E /* PBXContainerItemProxy */ = {
			isa = PBXContainerItemProxy;
			containerPortal = 83CBB9F71A601CBA00E9B192 /* Project object */;
			proxyType = 1;
			remoteGlobalIDString = 13B07F861A680F5B00A75B9A;
			remoteInfo = covid19;
		};
		2D02E4911E0B4A5D006451C7 /* PBXContainerItemProxy */ = {
			isa = PBXContainerItemProxy;
			containerPortal = 83CBB9F71A601CBA00E9B192 /* Project object */;
			proxyType = 1;
			remoteGlobalIDString = 2D02E47A1E0B4A5D006451C7;
			remoteInfo = "covid19-tvOS";
		};
/* End PBXContainerItemProxy section */

/* Begin PBXFileReference section */
		008F07F21AC5B25A0029DE68 /* main.jsbundle */ = {isa = PBXFileReference; fileEncoding = 4; lastKnownFileType = text; path = main.jsbundle; sourceTree = "<group>"; };
		00E356EE1AD99517003FC87E /* covid19Tests.xctest */ = {isa = PBXFileReference; explicitFileType = wrapper.cfbundle; includeInIndex = 0; path = covid19Tests.xctest; sourceTree = BUILT_PRODUCTS_DIR; };
		00E356F11AD99517003FC87E /* Info.plist */ = {isa = PBXFileReference; lastKnownFileType = text.plist.xml; path = Info.plist; sourceTree = "<group>"; };
		00E356F21AD99517003FC87E /* covid19Tests.m */ = {isa = PBXFileReference; lastKnownFileType = sourcecode.c.objc; path = covid19Tests.m; sourceTree = "<group>"; };
		102EF4E720E375A7CE421450 /* libPods-covid19-tvOS.a */ = {isa = PBXFileReference; explicitFileType = archive.ar; includeInIndex = 0; path = "libPods-covid19-tvOS.a"; sourceTree = BUILT_PRODUCTS_DIR; };
		11474E644EB446DFBBCE79F1 /* MontserratAlternates-SemiBold.otf */ = {isa = PBXFileReference; explicitFileType = undefined; fileEncoding = 9; includeInIndex = 0; lastKnownFileType = unknown; name = "MontserratAlternates-SemiBold.otf"; path = "../app/assets/fonts/MontserratAlternates-SemiBold.otf"; sourceTree = "<group>"; };
		13B07F961A680F5B00A75B9A /* covid19.app */ = {isa = PBXFileReference; explicitFileType = wrapper.application; includeInIndex = 0; path = covid19.app; sourceTree = BUILT_PRODUCTS_DIR; };
		13B07FAF1A68108700A75B9A /* AppDelegate.h */ = {isa = PBXFileReference; fileEncoding = 4; lastKnownFileType = sourcecode.c.h; name = AppDelegate.h; path = covid19/AppDelegate.h; sourceTree = "<group>"; };
		13B07FB01A68108700A75B9A /* AppDelegate.m */ = {isa = PBXFileReference; fileEncoding = 4; lastKnownFileType = sourcecode.c.objc; name = AppDelegate.m; path = covid19/AppDelegate.m; sourceTree = "<group>"; };
		13B07FB21A68108700A75B9A /* Base */ = {isa = PBXFileReference; lastKnownFileType = file.xib; name = Base; path = Base.lproj/LaunchScreen.xib; sourceTree = "<group>"; };
		13B07FB51A68108700A75B9A /* Images.xcassets */ = {isa = PBXFileReference; lastKnownFileType = folder.assetcatalog; name = Images.xcassets; path = covid19/Images.xcassets; sourceTree = "<group>"; };
		13B07FB61A68108700A75B9A /* Info.plist */ = {isa = PBXFileReference; fileEncoding = 4; lastKnownFileType = text.plist.xml; name = Info.plist; path = covid19/Info.plist; sourceTree = "<group>"; };
		13B07FB71A68108700A75B9A /* main.m */ = {isa = PBXFileReference; fileEncoding = 4; lastKnownFileType = sourcecode.c.objc; name = main.m; path = covid19/main.m; sourceTree = "<group>"; };
		1B5C7F0B67594D86B1161815 /* Montserrat-Black.otf */ = {isa = PBXFileReference; explicitFileType = undefined; fileEncoding = 9; includeInIndex = 0; lastKnownFileType = unknown; name = "Montserrat-Black.otf"; path = "../app/assets/fonts/Montserrat-Black.otf"; sourceTree = "<group>"; };
		1C4CC31F02724A0F851890F4 /* Montserrat-Bold.otf */ = {isa = PBXFileReference; explicitFileType = undefined; fileEncoding = 9; includeInIndex = 0; lastKnownFileType = unknown; name = "Montserrat-Bold.otf"; path = "../app/assets/fonts/Montserrat-Bold.otf"; sourceTree = "<group>"; };
		25A79D76B5D742F5A591BBEB /* MontserratAlternates-BoldItalic.otf */ = {isa = PBXFileReference; explicitFileType = undefined; fileEncoding = 9; includeInIndex = 0; lastKnownFileType = unknown; name = "MontserratAlternates-BoldItalic.otf"; path = "../app/assets/fonts/MontserratAlternates-BoldItalic.otf"; sourceTree = "<group>"; };
		25E52A3D238539767B19BE67 /* libPods-covid19.a */ = {isa = PBXFileReference; explicitFileType = archive.ar; includeInIndex = 0; path = "libPods-covid19.a"; sourceTree = BUILT_PRODUCTS_DIR; };
		25EC471FD0AC44639426639B /* MontserratAlternates-Thin.otf */ = {isa = PBXFileReference; explicitFileType = undefined; fileEncoding = 9; includeInIndex = 0; lastKnownFileType = unknown; name = "MontserratAlternates-Thin.otf"; path = "../app/assets/fonts/MontserratAlternates-Thin.otf"; sourceTree = "<group>"; };
		29514BAB529843F6B36C2DDE /* MontserratAlternates-Bold.otf */ = {isa = PBXFileReference; explicitFileType = undefined; fileEncoding = 9; includeInIndex = 0; lastKnownFileType = unknown; name = "MontserratAlternates-Bold.otf"; path = "../app/assets/fonts/MontserratAlternates-Bold.otf"; sourceTree = "<group>"; };
		2BACA1C4EDAD4A4A9E223C66 /* Montserrat-ExtraBoldItalic.otf */ = {isa = PBXFileReference; explicitFileType = undefined; fileEncoding = 9; includeInIndex = 0; lastKnownFileType = unknown; name = "Montserrat-ExtraBoldItalic.otf"; path = "../app/assets/fonts/Montserrat-ExtraBoldItalic.otf"; sourceTree = "<group>"; };
		2D02E47B1E0B4A5D006451C7 /* covid19-tvOS.app */ = {isa = PBXFileReference; explicitFileType = wrapper.application; includeInIndex = 0; path = "covid19-tvOS.app"; sourceTree = BUILT_PRODUCTS_DIR; };
		2D02E4901E0B4A5D006451C7 /* covid19-tvOSTests.xctest */ = {isa = PBXFileReference; explicitFileType = wrapper.cfbundle; includeInIndex = 0; path = "covid19-tvOSTests.xctest"; sourceTree = BUILT_PRODUCTS_DIR; };
		2D557C94F328461292DC9E93 /* Montserrat-ExtraBold.otf */ = {isa = PBXFileReference; explicitFileType = undefined; fileEncoding = 9; includeInIndex = 0; lastKnownFileType = unknown; name = "Montserrat-ExtraBold.otf"; path = "../app/assets/fonts/Montserrat-ExtraBold.otf"; sourceTree = "<group>"; };
		338909DD81AF41658E3572BA /* MontserratAlternates-Medium.otf */ = {isa = PBXFileReference; explicitFileType = undefined; fileEncoding = 9; includeInIndex = 0; lastKnownFileType = unknown; name = "MontserratAlternates-Medium.otf"; path = "../app/assets/fonts/MontserratAlternates-Medium.otf"; sourceTree = "<group>"; };
		341D0AEFD4D04CB9934B372D /* MontserratAlternates-Light.otf */ = {isa = PBXFileReference; explicitFileType = undefined; fileEncoding = 9; includeInIndex = 0; lastKnownFileType = unknown; name = "MontserratAlternates-Light.otf"; path = "../app/assets/fonts/MontserratAlternates-Light.otf"; sourceTree = "<group>"; };
		3B2B5D9D53FE296E0F4E05EB /* Pods-covid19-tvOS.debug.xcconfig */ = {isa = PBXFileReference; includeInIndex = 1; lastKnownFileType = text.xcconfig; name = "Pods-covid19-tvOS.debug.xcconfig"; path = "Target Support Files/Pods-covid19-tvOS/Pods-covid19-tvOS.debug.xcconfig"; sourceTree = "<group>"; };
		46652BDEBDA94698B364CD40 /* MontserratAlternates-LightItalic.otf */ = {isa = PBXFileReference; explicitFileType = undefined; fileEncoding = 9; includeInIndex = 0; lastKnownFileType = unknown; name = "MontserratAlternates-LightItalic.otf"; path = "../app/assets/fonts/MontserratAlternates-LightItalic.otf"; sourceTree = "<group>"; };
		477F8282CD054561AE96E8EA /* Montserrat-BlackItalic.otf */ = {isa = PBXFileReference; explicitFileType = undefined; fileEncoding = 9; includeInIndex = 0; lastKnownFileType = unknown; name = "Montserrat-BlackItalic.otf"; path = "../app/assets/fonts/Montserrat-BlackItalic.otf"; sourceTree = "<group>"; };
		49198A1F04394B42899ECCAA /* MontserratAlternates-ExtraLightItalic.otf */ = {isa = PBXFileReference; explicitFileType = undefined; fileEncoding = 9; includeInIndex = 0; lastKnownFileType = unknown; name = "MontserratAlternates-ExtraLightItalic.otf"; path = "../app/assets/fonts/MontserratAlternates-ExtraLightItalic.otf"; sourceTree = "<group>"; };
		4EFA844C5897422FB70344F9 /* Montserrat-BoldItalic.otf */ = {isa = PBXFileReference; explicitFileType = undefined; fileEncoding = 9; includeInIndex = 0; lastKnownFileType = unknown; name = "Montserrat-BoldItalic.otf"; path = "../app/assets/fonts/Montserrat-BoldItalic.otf"; sourceTree = "<group>"; };
		4F909EE8DBF44D74AF5BF061 /* Montserrat-SemiBold.otf */ = {isa = PBXFileReference; explicitFileType = undefined; fileEncoding = 9; includeInIndex = 0; lastKnownFileType = unknown; name = "Montserrat-SemiBold.otf"; path = "../app/assets/fonts/Montserrat-SemiBold.otf"; sourceTree = "<group>"; };
		528C4BDB2BB24A18891C6392 /* MontserratAlternates-ExtraBoldItalic.otf */ = {isa = PBXFileReference; explicitFileType = undefined; fileEncoding = 9; includeInIndex = 0; lastKnownFileType = unknown; name = "MontserratAlternates-ExtraBoldItalic.otf"; path = "../app/assets/fonts/MontserratAlternates-ExtraBoldItalic.otf"; sourceTree = "<group>"; };
		5F8550CEDAA54D7694D70673 /* MontserratAlternates-ExtraLight.otf */ = {isa = PBXFileReference; explicitFileType = undefined; fileEncoding = 9; includeInIndex = 0; lastKnownFileType = unknown; name = "MontserratAlternates-ExtraLight.otf"; path = "../app/assets/fonts/MontserratAlternates-ExtraLight.otf"; sourceTree = "<group>"; };
		5FF9D8FAD32449938D78CB0E /* Montserrat-Italic.otf */ = {isa = PBXFileReference; explicitFileType = undefined; fileEncoding = 9; includeInIndex = 0; lastKnownFileType = unknown; name = "Montserrat-Italic.otf"; path = "../app/assets/fonts/Montserrat-Italic.otf"; sourceTree = "<group>"; };
		61227A0ACACA44FEAEE17568 /* Montserrat-SemiBoldItalic.otf */ = {isa = PBXFileReference; explicitFileType = undefined; fileEncoding = 9; includeInIndex = 0; lastKnownFileType = unknown; name = "Montserrat-SemiBoldItalic.otf"; path = "../app/assets/fonts/Montserrat-SemiBoldItalic.otf"; sourceTree = "<group>"; };
		64CEC9CCF86040E79BCC1BF5 /* Montserrat-ExtraLightItalic.otf */ = {isa = PBXFileReference; explicitFileType = undefined; fileEncoding = 9; includeInIndex = 0; lastKnownFileType = unknown; name = "Montserrat-ExtraLightItalic.otf"; path = "../app/assets/fonts/Montserrat-ExtraLightItalic.otf"; sourceTree = "<group>"; };
		713D02CE775846A9B0A80830 /* MontserratAlternates-ExtraBold.otf */ = {isa = PBXFileReference; explicitFileType = undefined; fileEncoding = 9; includeInIndex = 0; lastKnownFileType = unknown; name = "MontserratAlternates-ExtraBold.otf"; path = "../app/assets/fonts/MontserratAlternates-ExtraBold.otf"; sourceTree = "<group>"; };
		880E4CA0130D44E09109E04B /* MontserratAlternates-Italic.otf */ = {isa = PBXFileReference; explicitFileType = undefined; fileEncoding = 9; includeInIndex = 0; lastKnownFileType = unknown; name = "MontserratAlternates-Italic.otf"; path = "../app/assets/fonts/MontserratAlternates-Italic.otf"; sourceTree = "<group>"; };
		8B3F69919E944DCC98027068 /* MontserratAlternates-ThinItalic.otf */ = {isa = PBXFileReference; explicitFileType = undefined; fileEncoding = 9; includeInIndex = 0; lastKnownFileType = unknown; name = "MontserratAlternates-ThinItalic.otf"; path = "../app/assets/fonts/MontserratAlternates-ThinItalic.otf"; sourceTree = "<group>"; };
		995C2A7F2CFEBECF6B282B43 /* Pods-covid19-tvOSTests.debug.xcconfig */ = {isa = PBXFileReference; includeInIndex = 1; lastKnownFileType = text.xcconfig; name = "Pods-covid19-tvOSTests.debug.xcconfig"; path = "Target Support Files/Pods-covid19-tvOSTests/Pods-covid19-tvOSTests.debug.xcconfig"; sourceTree = "<group>"; };
		9CD6B632B7E39ADC7B64C5D6 /* Pods-covid19-covid19Tests.release.xcconfig */ = {isa = PBXFileReference; includeInIndex = 1; lastKnownFileType = text.xcconfig; name = "Pods-covid19-covid19Tests.release.xcconfig"; path = "Target Support Files/Pods-covid19-covid19Tests/Pods-covid19-covid19Tests.release.xcconfig"; sourceTree = "<group>"; };
		9EB4DE6057AE45B0BBB0316F /* Montserrat-Regular.otf */ = {isa = PBXFileReference; explicitFileType = undefined; fileEncoding = 9; includeInIndex = 0; lastKnownFileType = unknown; name = "Montserrat-Regular.otf"; path = "../app/assets/fonts/Montserrat-Regular.otf"; sourceTree = "<group>"; };
		9EBC763F2491487C92210FDA /* Montserrat-Thin.otf */ = {isa = PBXFileReference; explicitFileType = undefined; fileEncoding = 9; includeInIndex = 0; lastKnownFileType = unknown; name = "Montserrat-Thin.otf"; path = "../app/assets/fonts/Montserrat-Thin.otf"; sourceTree = "<group>"; };
		A44891395AD4486C98978EBE /* MontserratAlternates-MediumItalic.otf */ = {isa = PBXFileReference; explicitFileType = undefined; fileEncoding = 9; includeInIndex = 0; lastKnownFileType = unknown; name = "MontserratAlternates-MediumItalic.otf"; path = "../app/assets/fonts/MontserratAlternates-MediumItalic.otf"; sourceTree = "<group>"; };
		A47D05B5F9FB423C8E292E7E /* libPods-covid19-tvOSTests.a */ = {isa = PBXFileReference; explicitFileType = archive.ar; includeInIndex = 0; path = "libPods-covid19-tvOSTests.a"; sourceTree = BUILT_PRODUCTS_DIR; };
		AF7E3161A9A040F5A49D4147 /* Montserrat-ExtraLight.otf */ = {isa = PBXFileReference; explicitFileType = undefined; fileEncoding = 9; includeInIndex = 0; lastKnownFileType = unknown; name = "Montserrat-ExtraLight.otf"; path = "../app/assets/fonts/Montserrat-ExtraLight.otf"; sourceTree = "<group>"; };
		B40CA434AE22FA49C17727C2 /* Pods-covid19.debug.xcconfig */ = {isa = PBXFileReference; includeInIndex = 1; lastKnownFileType = text.xcconfig; name = "Pods-covid19.debug.xcconfig"; path = "Target Support Files/Pods-covid19/Pods-covid19.debug.xcconfig"; sourceTree = "<group>"; };
		B5B55AE22A2F41AFB9E917D1 /* Montserrat-Medium.otf */ = {isa = PBXFileReference; explicitFileType = undefined; fileEncoding = 9; includeInIndex = 0; lastKnownFileType = unknown; name = "Montserrat-Medium.otf"; path = "../app/assets/fonts/Montserrat-Medium.otf"; sourceTree = "<group>"; };
		B67C6F11BD937C5DC9497D8D /* Pods-covid19-covid19Tests.debug.xcconfig */ = {isa = PBXFileReference; includeInIndex = 1; lastKnownFileType = text.xcconfig; name = "Pods-covid19-covid19Tests.debug.xcconfig"; path = "Target Support Files/Pods-covid19-covid19Tests/Pods-covid19-covid19Tests.debug.xcconfig"; sourceTree = "<group>"; };
		BAB46E800BD24E33BAA5C172 /* MontserratAlternates-Black.otf */ = {isa = PBXFileReference; explicitFileType = undefined; fileEncoding = 9; includeInIndex = 0; lastKnownFileType = unknown; name = "MontserratAlternates-Black.otf"; path = "../app/assets/fonts/MontserratAlternates-Black.otf"; sourceTree = "<group>"; };
		C390A98F6CEA40E6B2345896 /* Montserrat-MediumItalic.otf */ = {isa = PBXFileReference; explicitFileType = undefined; fileEncoding = 9; includeInIndex = 0; lastKnownFileType = unknown; name = "Montserrat-MediumItalic.otf"; path = "../app/assets/fonts/Montserrat-MediumItalic.otf"; sourceTree = "<group>"; };
		C45CF7403D3B487D87337454 /* Montserrat-LightItalic.otf */ = {isa = PBXFileReference; explicitFileType = undefined; fileEncoding = 9; includeInIndex = 0; lastKnownFileType = unknown; name = "Montserrat-LightItalic.otf"; path = "../app/assets/fonts/Montserrat-LightItalic.otf"; sourceTree = "<group>"; };
		CA9B8B19713646E1B4C5D91E /* MontserratAlternates-Regular.otf */ = {isa = PBXFileReference; explicitFileType = undefined; fileEncoding = 9; includeInIndex = 0; lastKnownFileType = unknown; name = "MontserratAlternates-Regular.otf"; path = "../app/assets/fonts/MontserratAlternates-Regular.otf"; sourceTree = "<group>"; };
		CB541F3C911D461C908DB711 /* MontserratAlternates-BlackItalic.otf */ = {isa = PBXFileReference; explicitFileType = undefined; fileEncoding = 9; includeInIndex = 0; lastKnownFileType = unknown; name = "MontserratAlternates-BlackItalic.otf"; path = "../app/assets/fonts/MontserratAlternates-BlackItalic.otf"; sourceTree = "<group>"; };
		CD8C27FA1837A281CF0B594D /* Pods-covid19-tvOSTests.release.xcconfig */ = {isa = PBXFileReference; includeInIndex = 1; lastKnownFileType = text.xcconfig; name = "Pods-covid19-tvOSTests.release.xcconfig"; path = "Target Support Files/Pods-covid19-tvOSTests/Pods-covid19-tvOSTests.release.xcconfig"; sourceTree = "<group>"; };
		D894EC0E867648BEB0939D3F /* Montserrat-ThinItalic.otf */ = {isa = PBXFileReference; explicitFileType = undefined; fileEncoding = 9; includeInIndex = 0; lastKnownFileType = unknown; name = "Montserrat-ThinItalic.otf"; path = "../app/assets/fonts/Montserrat-ThinItalic.otf"; sourceTree = "<group>"; };
		DDB467D8BCEE4C80B3224456 /* Montserrat-Light.otf */ = {isa = PBXFileReference; explicitFileType = undefined; fileEncoding = 9; includeInIndex = 0; lastKnownFileType = unknown; name = "Montserrat-Light.otf"; path = "../app/assets/fonts/Montserrat-Light.otf"; sourceTree = "<group>"; };
		E39DE325724980AF283D659F /* Pods-covid19-tvOS.release.xcconfig */ = {isa = PBXFileReference; includeInIndex = 1; lastKnownFileType = text.xcconfig; name = "Pods-covid19-tvOS.release.xcconfig"; path = "Target Support Files/Pods-covid19-tvOS/Pods-covid19-tvOS.release.xcconfig"; sourceTree = "<group>"; };
		E3AE32FED4FE2A24C2AFD245 /* libPods-covid19-covid19Tests.a */ = {isa = PBXFileReference; explicitFileType = archive.ar; includeInIndex = 0; path = "libPods-covid19-covid19Tests.a"; sourceTree = BUILT_PRODUCTS_DIR; };
		E7BA316D5B3542FDA4BD9591 /* MontserratAlternates-SemiBoldItalic.otf */ = {isa = PBXFileReference; explicitFileType = undefined; fileEncoding = 9; includeInIndex = 0; lastKnownFileType = unknown; name = "MontserratAlternates-SemiBoldItalic.otf"; path = "../app/assets/fonts/MontserratAlternates-SemiBoldItalic.otf"; sourceTree = "<group>"; };
		E9B4DE1A36AF4AC1ADF5169D /* Pods-covid19.release.xcconfig */ = {isa = PBXFileReference; includeInIndex = 1; lastKnownFileType = text.xcconfig; name = "Pods-covid19.release.xcconfig"; path = "Target Support Files/Pods-covid19/Pods-covid19.release.xcconfig"; sourceTree = "<group>"; };
		ED297162215061F000B7C4FE /* JavaScriptCore.framework */ = {isa = PBXFileReference; lastKnownFileType = wrapper.framework; name = JavaScriptCore.framework; path = System/Library/Frameworks/JavaScriptCore.framework; sourceTree = SDKROOT; };
		ED2971642150620600B7C4FE /* JavaScriptCore.framework */ = {isa = PBXFileReference; lastKnownFileType = wrapper.framework; name = JavaScriptCore.framework; path = Platforms/AppleTVOS.platform/Developer/SDKs/AppleTVOS12.0.sdk/System/Library/Frameworks/JavaScriptCore.framework; sourceTree = DEVELOPER_DIR; };
/* End PBXFileReference section */

/* Begin PBXFrameworksBuildPhase section */
		00E356EB1AD99517003FC87E /* Frameworks */ = {
			isa = PBXFrameworksBuildPhase;
			buildActionMask = 2147483647;
			files = (
				1BEF3D5C823BED68BD51F470 /* libPods-covid19-covid19Tests.a in Frameworks */,
			);
			runOnlyForDeploymentPostprocessing = 0;
		};
		13B07F8C1A680F5B00A75B9A /* Frameworks */ = {
			isa = PBXFrameworksBuildPhase;
			buildActionMask = 2147483647;
			files = (
				0E0F436FA9EF85E4AB66D75B /* libPods-covid19.a in Frameworks */,
			);
			runOnlyForDeploymentPostprocessing = 0;
		};
		2D02E4781E0B4A5D006451C7 /* Frameworks */ = {
			isa = PBXFrameworksBuildPhase;
			buildActionMask = 2147483647;
			files = (
				D31F3989C6A272D5A1E1AF64 /* libPods-covid19-tvOS.a in Frameworks */,
			);
			runOnlyForDeploymentPostprocessing = 0;
		};
		2D02E48D1E0B4A5D006451C7 /* Frameworks */ = {
			isa = PBXFrameworksBuildPhase;
			buildActionMask = 2147483647;
			files = (
				6025CE66CDDE6E1CEA2BB828 /* libPods-covid19-tvOSTests.a in Frameworks */,
			);
			runOnlyForDeploymentPostprocessing = 0;
		};
/* End PBXFrameworksBuildPhase section */

/* Begin PBXGroup section */
		00E356EF1AD99517003FC87E /* covid19Tests */ = {
			isa = PBXGroup;
			children = (
				00E356F21AD99517003FC87E /* covid19Tests.m */,
				00E356F01AD99517003FC87E /* Supporting Files */,
			);
			path = covid19Tests;
			sourceTree = "<group>";
		};
		00E356F01AD99517003FC87E /* Supporting Files */ = {
			isa = PBXGroup;
			children = (
				00E356F11AD99517003FC87E /* Info.plist */,
			);
			name = "Supporting Files";
			sourceTree = "<group>";
		};
		13B07FAE1A68108700A75B9A /* covid19 */ = {
			isa = PBXGroup;
			children = (
				008F07F21AC5B25A0029DE68 /* main.jsbundle */,
				13B07FAF1A68108700A75B9A /* AppDelegate.h */,
				13B07FB01A68108700A75B9A /* AppDelegate.m */,
				13B07FB51A68108700A75B9A /* Images.xcassets */,
				13B07FB61A68108700A75B9A /* Info.plist */,
				13B07FB11A68108700A75B9A /* LaunchScreen.xib */,
				13B07FB71A68108700A75B9A /* main.m */,
			);
			name = covid19;
			sourceTree = "<group>";
		};
		2D16E6871FA4F8E400B85C8A /* Frameworks */ = {
			isa = PBXGroup;
			children = (
				ED297162215061F000B7C4FE /* JavaScriptCore.framework */,
				ED2971642150620600B7C4FE /* JavaScriptCore.framework */,
				25E52A3D238539767B19BE67 /* libPods-covid19.a */,
				E3AE32FED4FE2A24C2AFD245 /* libPods-covid19-covid19Tests.a */,
				102EF4E720E375A7CE421450 /* libPods-covid19-tvOS.a */,
				A47D05B5F9FB423C8E292E7E /* libPods-covid19-tvOSTests.a */,
			);
			name = Frameworks;
			sourceTree = "<group>";
		};
		4200C2E64A0D93FC65F3A1DA /* Pods */ = {
			isa = PBXGroup;
			children = (
				B40CA434AE22FA49C17727C2 /* Pods-covid19.debug.xcconfig */,
				E9B4DE1A36AF4AC1ADF5169D /* Pods-covid19.release.xcconfig */,
				B67C6F11BD937C5DC9497D8D /* Pods-covid19-covid19Tests.debug.xcconfig */,
				9CD6B632B7E39ADC7B64C5D6 /* Pods-covid19-covid19Tests.release.xcconfig */,
				3B2B5D9D53FE296E0F4E05EB /* Pods-covid19-tvOS.debug.xcconfig */,
				E39DE325724980AF283D659F /* Pods-covid19-tvOS.release.xcconfig */,
				995C2A7F2CFEBECF6B282B43 /* Pods-covid19-tvOSTests.debug.xcconfig */,
				CD8C27FA1837A281CF0B594D /* Pods-covid19-tvOSTests.release.xcconfig */,
			);
			path = Pods;
			sourceTree = "<group>";
		};
		832341AE1AAA6A7D00B99B32 /* Libraries */ = {
			isa = PBXGroup;
			children = (
			);
			name = Libraries;
			sourceTree = "<group>";
		};
		83CBB9F61A601CBA00E9B192 = {
			isa = PBXGroup;
			children = (
				13B07FAE1A68108700A75B9A /* covid19 */,
				832341AE1AAA6A7D00B99B32 /* Libraries */,
				00E356EF1AD99517003FC87E /* covid19Tests */,
				83CBBA001A601CBA00E9B192 /* Products */,
				2D16E6871FA4F8E400B85C8A /* Frameworks */,
				4200C2E64A0D93FC65F3A1DA /* Pods */,
				F80535C78EEE43418DAAFBBD /* Resources */,
			);
			indentWidth = 2;
			sourceTree = "<group>";
			tabWidth = 2;
			usesTabs = 0;
		};
		83CBBA001A601CBA00E9B192 /* Products */ = {
			isa = PBXGroup;
			children = (
				13B07F961A680F5B00A75B9A /* covid19.app */,
				00E356EE1AD99517003FC87E /* covid19Tests.xctest */,
				2D02E47B1E0B4A5D006451C7 /* covid19-tvOS.app */,
				2D02E4901E0B4A5D006451C7 /* covid19-tvOSTests.xctest */,
			);
			name = Products;
			sourceTree = "<group>";
		};
		F80535C78EEE43418DAAFBBD /* Resources */ = {
			isa = PBXGroup;
			children = (
				1B5C7F0B67594D86B1161815 /* Montserrat-Black.otf */,
				477F8282CD054561AE96E8EA /* Montserrat-BlackItalic.otf */,
				1C4CC31F02724A0F851890F4 /* Montserrat-Bold.otf */,
				4EFA844C5897422FB70344F9 /* Montserrat-BoldItalic.otf */,
				2D557C94F328461292DC9E93 /* Montserrat-ExtraBold.otf */,
				2BACA1C4EDAD4A4A9E223C66 /* Montserrat-ExtraBoldItalic.otf */,
				AF7E3161A9A040F5A49D4147 /* Montserrat-ExtraLight.otf */,
				64CEC9CCF86040E79BCC1BF5 /* Montserrat-ExtraLightItalic.otf */,
				5FF9D8FAD32449938D78CB0E /* Montserrat-Italic.otf */,
				DDB467D8BCEE4C80B3224456 /* Montserrat-Light.otf */,
				C45CF7403D3B487D87337454 /* Montserrat-LightItalic.otf */,
				B5B55AE22A2F41AFB9E917D1 /* Montserrat-Medium.otf */,
				C390A98F6CEA40E6B2345896 /* Montserrat-MediumItalic.otf */,
				9EB4DE6057AE45B0BBB0316F /* Montserrat-Regular.otf */,
				4F909EE8DBF44D74AF5BF061 /* Montserrat-SemiBold.otf */,
				61227A0ACACA44FEAEE17568 /* Montserrat-SemiBoldItalic.otf */,
				9EBC763F2491487C92210FDA /* Montserrat-Thin.otf */,
				D894EC0E867648BEB0939D3F /* Montserrat-ThinItalic.otf */,
				BAB46E800BD24E33BAA5C172 /* MontserratAlternates-Black.otf */,
				CB541F3C911D461C908DB711 /* MontserratAlternates-BlackItalic.otf */,
				29514BAB529843F6B36C2DDE /* MontserratAlternates-Bold.otf */,
				25A79D76B5D742F5A591BBEB /* MontserratAlternates-BoldItalic.otf */,
				713D02CE775846A9B0A80830 /* MontserratAlternates-ExtraBold.otf */,
				528C4BDB2BB24A18891C6392 /* MontserratAlternates-ExtraBoldItalic.otf */,
				5F8550CEDAA54D7694D70673 /* MontserratAlternates-ExtraLight.otf */,
				49198A1F04394B42899ECCAA /* MontserratAlternates-ExtraLightItalic.otf */,
				880E4CA0130D44E09109E04B /* MontserratAlternates-Italic.otf */,
				341D0AEFD4D04CB9934B372D /* MontserratAlternates-Light.otf */,
				46652BDEBDA94698B364CD40 /* MontserratAlternates-LightItalic.otf */,
				338909DD81AF41658E3572BA /* MontserratAlternates-Medium.otf */,
				A44891395AD4486C98978EBE /* MontserratAlternates-MediumItalic.otf */,
				CA9B8B19713646E1B4C5D91E /* MontserratAlternates-Regular.otf */,
				11474E644EB446DFBBCE79F1 /* MontserratAlternates-SemiBold.otf */,
				E7BA316D5B3542FDA4BD9591 /* MontserratAlternates-SemiBoldItalic.otf */,
				25EC471FD0AC44639426639B /* MontserratAlternates-Thin.otf */,
				8B3F69919E944DCC98027068 /* MontserratAlternates-ThinItalic.otf */,
			);
			name = Resources;
			sourceTree = "<group>";
		};
/* End PBXGroup section */

/* Begin PBXNativeTarget section */
		00E356ED1AD99517003FC87E /* covid19Tests */ = {
			isa = PBXNativeTarget;
			buildConfigurationList = 00E357021AD99517003FC87E /* Build configuration list for PBXNativeTarget "covid19Tests" */;
			buildPhases = (
				D759EF518593F2820C17AD5E /* [CP] Check Pods Manifest.lock */,
				00E356EA1AD99517003FC87E /* Sources */,
				00E356EB1AD99517003FC87E /* Frameworks */,
				00E356EC1AD99517003FC87E /* Resources */,
				677BDB8AF1B3FA7004892E00 /* [CP] Copy Pods Resources */,
			);
			buildRules = (
			);
			dependencies = (
				00E356F51AD99517003FC87E /* PBXTargetDependency */,
			);
			name = covid19Tests;
			productName = covid19Tests;
			productReference = 00E356EE1AD99517003FC87E /* covid19Tests.xctest */;
			productType = "com.apple.product-type.bundle.unit-test";
		};
		13B07F861A680F5B00A75B9A /* covid19 */ = {
			isa = PBXNativeTarget;
			buildConfigurationList = 13B07F931A680F5B00A75B9A /* Build configuration list for PBXNativeTarget "covid19" */;
			buildPhases = (
				548FD0BD7EEDD578D06A878D /* [CP] Check Pods Manifest.lock */,
				FD10A7F022414F080027D42C /* Start Packager */,
				13B07F871A680F5B00A75B9A /* Sources */,
				13B07F8C1A680F5B00A75B9A /* Frameworks */,
				13B07F8E1A680F5B00A75B9A /* Resources */,
				00DD1BFF1BD5951E006B06BC /* Bundle React Native code and images */,
				80AD07CEB1EBCCBA2A9A90B5 /* [CP] Copy Pods Resources */,
			);
			buildRules = (
			);
			dependencies = (
			);
			name = covid19;
			productName = covid19;
			productReference = 13B07F961A680F5B00A75B9A /* covid19.app */;
			productType = "com.apple.product-type.application";
		};
		2D02E47A1E0B4A5D006451C7 /* covid19-tvOS */ = {
			isa = PBXNativeTarget;
			buildConfigurationList = 2D02E4BA1E0B4A5E006451C7 /* Build configuration list for PBXNativeTarget "covid19-tvOS" */;
			buildPhases = (
				44F1FDA3F1BF9FA242F4CAAE /* [CP] Check Pods Manifest.lock */,
				FD10A7F122414F3F0027D42C /* Start Packager */,
				2D02E4771E0B4A5D006451C7 /* Sources */,
				2D02E4781E0B4A5D006451C7 /* Frameworks */,
				2D02E4791E0B4A5D006451C7 /* Resources */,
				2D02E4CB1E0B4B27006451C7 /* Bundle React Native Code And Images */,
				CDAD36CE250081EA1CAEF9FD /* [CP] Copy Pods Resources */,
			);
			buildRules = (
			);
			dependencies = (
			);
			name = "covid19-tvOS";
			productName = "covid19-tvOS";
			productReference = 2D02E47B1E0B4A5D006451C7 /* covid19-tvOS.app */;
			productType = "com.apple.product-type.application";
		};
		2D02E48F1E0B4A5D006451C7 /* covid19-tvOSTests */ = {
			isa = PBXNativeTarget;
			buildConfigurationList = 2D02E4BB1E0B4A5E006451C7 /* Build configuration list for PBXNativeTarget "covid19-tvOSTests" */;
			buildPhases = (
				EDDF9DBBF705BC04CCFAF554 /* [CP] Check Pods Manifest.lock */,
				2D02E48C1E0B4A5D006451C7 /* Sources */,
				2D02E48D1E0B4A5D006451C7 /* Frameworks */,
				2D02E48E1E0B4A5D006451C7 /* Resources */,
			);
			buildRules = (
			);
			dependencies = (
				2D02E4921E0B4A5D006451C7 /* PBXTargetDependency */,
			);
			name = "covid19-tvOSTests";
			productName = "covid19-tvOSTests";
			productReference = 2D02E4901E0B4A5D006451C7 /* covid19-tvOSTests.xctest */;
			productType = "com.apple.product-type.bundle.unit-test";
		};
/* End PBXNativeTarget section */

/* Begin PBXProject section */
		83CBB9F71A601CBA00E9B192 /* Project object */ = {
			isa = PBXProject;
			attributes = {
				LastUpgradeCheck = 1130;
				TargetAttributes = {
					00E356ED1AD99517003FC87E = {
						CreatedOnToolsVersion = 6.2;
						TestTargetID = 13B07F861A680F5B00A75B9A;
					};
					13B07F861A680F5B00A75B9A = {
						LastSwiftMigration = 1120;
					};
					2D02E47A1E0B4A5D006451C7 = {
						CreatedOnToolsVersion = 8.2.1;
						ProvisioningStyle = Automatic;
					};
					2D02E48F1E0B4A5D006451C7 = {
						CreatedOnToolsVersion = 8.2.1;
						ProvisioningStyle = Automatic;
						TestTargetID = 2D02E47A1E0B4A5D006451C7;
					};
				};
			};
			buildConfigurationList = 83CBB9FA1A601CBA00E9B192 /* Build configuration list for PBXProject "covid19" */;
			compatibilityVersion = "Xcode 3.2";
			developmentRegion = en;
			hasScannedForEncodings = 0;
			knownRegions = (
				en,
				Base,
			);
			mainGroup = 83CBB9F61A601CBA00E9B192;
			productRefGroup = 83CBBA001A601CBA00E9B192 /* Products */;
			projectDirPath = "";
			projectRoot = "";
			targets = (
				13B07F861A680F5B00A75B9A /* covid19 */,
				00E356ED1AD99517003FC87E /* covid19Tests */,
				2D02E47A1E0B4A5D006451C7 /* covid19-tvOS */,
				2D02E48F1E0B4A5D006451C7 /* covid19-tvOSTests */,
			);
		};
/* End PBXProject section */

/* Begin PBXResourcesBuildPhase section */
		00E356EC1AD99517003FC87E /* Resources */ = {
			isa = PBXResourcesBuildPhase;
			buildActionMask = 2147483647;
			files = (
			);
			runOnlyForDeploymentPostprocessing = 0;
		};
		13B07F8E1A680F5B00A75B9A /* Resources */ = {
			isa = PBXResourcesBuildPhase;
			buildActionMask = 2147483647;
			files = (
				13B07FBF1A68108700A75B9A /* Images.xcassets in Resources */,
				13B07FBD1A68108700A75B9A /* LaunchScreen.xib in Resources */,
				ABFE960784734A5BBE066565 /* Montserrat-Black.otf in Resources */,
				A99CE4522D7D4BB6A65BA542 /* Montserrat-BlackItalic.otf in Resources */,
				FDD4E999269E4C4F8BFD7EBB /* Montserrat-Bold.otf in Resources */,
				8C1EC00AE6D844B6BD1A12D5 /* Montserrat-BoldItalic.otf in Resources */,
				31262FD2BCAB4842BE2DCA1D /* Montserrat-ExtraBold.otf in Resources */,
				0379829D61FC491289BE6CBF /* Montserrat-ExtraBoldItalic.otf in Resources */,
				B6BD14C9B9104DBBA7B039C6 /* Montserrat-ExtraLight.otf in Resources */,
				B1C50C7A21B34A0D8C4FB1DD /* Montserrat-ExtraLightItalic.otf in Resources */,
				19E7D71FD4064062A07D2F70 /* Montserrat-Italic.otf in Resources */,
				73C08FDD63C243349975F017 /* Montserrat-Light.otf in Resources */,
				36BE136E5E5843FE896668D3 /* Montserrat-LightItalic.otf in Resources */,
				244DA35E64764C2FA3DD2B9A /* Montserrat-Medium.otf in Resources */,
				427BDAB20B474088AE76B0AB /* Montserrat-MediumItalic.otf in Resources */,
				B2A94F7DD53049F396BE71BA /* Montserrat-Regular.otf in Resources */,
				D7CE23BDCA7E408B92A55340 /* Montserrat-SemiBold.otf in Resources */,
				DCF6AA735B914C4B8C334EF9 /* Montserrat-SemiBoldItalic.otf in Resources */,
				8EE8799B142E4C13ADB591C8 /* Montserrat-Thin.otf in Resources */,
				6F05F606C9A74596A89B4354 /* Montserrat-ThinItalic.otf in Resources */,
				E3566F94CCDE4B1182A25522 /* MontserratAlternates-Black.otf in Resources */,
				F4E2EC06BD734CB3A00366DE /* MontserratAlternates-BlackItalic.otf in Resources */,
				FEA9B1B7AD4A40CDB62CCF3B /* MontserratAlternates-Bold.otf in Resources */,
				50329E18075C45AF9168BC35 /* MontserratAlternates-BoldItalic.otf in Resources */,
				22C63023623F4D5D8BFAB470 /* MontserratAlternates-ExtraBold.otf in Resources */,
				92D84E51D9C54DC589E1E831 /* MontserratAlternates-ExtraBoldItalic.otf in Resources */,
				C549607DA02B46B19F9BF8B6 /* MontserratAlternates-ExtraLight.otf in Resources */,
				ADDD6A71B3A44A7097F29C64 /* MontserratAlternates-ExtraLightItalic.otf in Resources */,
				BD858C292DEA41FE8AAA5428 /* MontserratAlternates-Italic.otf in Resources */,
				A9FD0D894E484846BC32219C /* MontserratAlternates-Light.otf in Resources */,
				B99B0565163C44548E389936 /* MontserratAlternates-LightItalic.otf in Resources */,
				F80D2DCE5FBC49CDAF5FCE1C /* MontserratAlternates-Medium.otf in Resources */,
				DA0CCDEEEF2248EAB912AEF9 /* MontserratAlternates-MediumItalic.otf in Resources */,
				BA12A070E13549F8A2BBE1CD /* MontserratAlternates-Regular.otf in Resources */,
				8F999F6F6F254C50A4B7A657 /* MontserratAlternates-SemiBold.otf in Resources */,
				4C8CD8C0EC1A4285A23FA601 /* MontserratAlternates-SemiBoldItalic.otf in Resources */,
				B80255C5BA624C89A04F9966 /* MontserratAlternates-Thin.otf in Resources */,
				846260AECF8D4D34A7C67541 /* MontserratAlternates-ThinItalic.otf in Resources */,
			);
			runOnlyForDeploymentPostprocessing = 0;
		};
		2D02E4791E0B4A5D006451C7 /* Resources */ = {
			isa = PBXResourcesBuildPhase;
			buildActionMask = 2147483647;
			files = (
				2D02E4BD1E0B4A84006451C7 /* Images.xcassets in Resources */,
			);
			runOnlyForDeploymentPostprocessing = 0;
		};
		2D02E48E1E0B4A5D006451C7 /* Resources */ = {
			isa = PBXResourcesBuildPhase;
			buildActionMask = 2147483647;
			files = (
			);
			runOnlyForDeploymentPostprocessing = 0;
		};
/* End PBXResourcesBuildPhase section */

/* Begin PBXShellScriptBuildPhase section */
		00DD1BFF1BD5951E006B06BC /* Bundle React Native code and images */ = {
			isa = PBXShellScriptBuildPhase;
			buildActionMask = 2147483647;
			files = (
			);
			inputPaths = (
			);
			name = "Bundle React Native code and images";
			outputPaths = (
			);
			runOnlyForDeploymentPostprocessing = 0;
			shellPath = /bin/sh;
			shellScript = "export NODE_BINARY=node\n../node_modules/react-native/scripts/react-native-xcode.sh";
		};
		2D02E4CB1E0B4B27006451C7 /* Bundle React Native Code And Images */ = {
			isa = PBXShellScriptBuildPhase;
			buildActionMask = 2147483647;
			files = (
			);
			inputPaths = (
			);
			name = "Bundle React Native Code And Images";
			outputPaths = (
			);
			runOnlyForDeploymentPostprocessing = 0;
			shellPath = /bin/sh;
			shellScript = "export NODE_BINARY=node\n../node_modules/react-native/scripts/react-native-xcode.sh";
		};
		44F1FDA3F1BF9FA242F4CAAE /* [CP] Check Pods Manifest.lock */ = {
			isa = PBXShellScriptBuildPhase;
			buildActionMask = 2147483647;
			files = (
			);
			inputFileListPaths = (
			);
			inputPaths = (
				"${PODS_PODFILE_DIR_PATH}/Podfile.lock",
				"${PODS_ROOT}/Manifest.lock",
			);
			name = "[CP] Check Pods Manifest.lock";
			outputFileListPaths = (
			);
			outputPaths = (
				"$(DERIVED_FILE_DIR)/Pods-covid19-tvOS-checkManifestLockResult.txt",
			);
			runOnlyForDeploymentPostprocessing = 0;
			shellPath = /bin/sh;
			shellScript = "diff \"${PODS_PODFILE_DIR_PATH}/Podfile.lock\" \"${PODS_ROOT}/Manifest.lock\" > /dev/null\nif [ $? != 0 ] ; then\n    # print error to STDERR\n    echo \"error: The sandbox is not in sync with the Podfile.lock. Run 'pod install' or update your CocoaPods installation.\" >&2\n    exit 1\nfi\n# This output is used by Xcode 'outputs' to avoid re-running this script phase.\necho \"SUCCESS\" > \"${SCRIPT_OUTPUT_FILE_0}\"\n";
			showEnvVarsInLog = 0;
		};
		548FD0BD7EEDD578D06A878D /* [CP] Check Pods Manifest.lock */ = {
			isa = PBXShellScriptBuildPhase;
			buildActionMask = 2147483647;
			files = (
			);
			inputFileListPaths = (
			);
			inputPaths = (
				"${PODS_PODFILE_DIR_PATH}/Podfile.lock",
				"${PODS_ROOT}/Manifest.lock",
			);
			name = "[CP] Check Pods Manifest.lock";
			outputFileListPaths = (
			);
			outputPaths = (
				"$(DERIVED_FILE_DIR)/Pods-covid19-checkManifestLockResult.txt",
			);
			runOnlyForDeploymentPostprocessing = 0;
			shellPath = /bin/sh;
			shellScript = "diff \"${PODS_PODFILE_DIR_PATH}/Podfile.lock\" \"${PODS_ROOT}/Manifest.lock\" > /dev/null\nif [ $? != 0 ] ; then\n    # print error to STDERR\n    echo \"error: The sandbox is not in sync with the Podfile.lock. Run 'pod install' or update your CocoaPods installation.\" >&2\n    exit 1\nfi\n# This output is used by Xcode 'outputs' to avoid re-running this script phase.\necho \"SUCCESS\" > \"${SCRIPT_OUTPUT_FILE_0}\"\n";
			showEnvVarsInLog = 0;
		};
		677BDB8AF1B3FA7004892E00 /* [CP] Copy Pods Resources */ = {
			isa = PBXShellScriptBuildPhase;
			buildActionMask = 2147483647;
			files = (
			);
			inputPaths = (
				"${PODS_ROOT}/Target Support Files/Pods-covid19-covid19Tests/Pods-covid19-covid19Tests-resources.sh",
				"${PODS_ROOT}/GoogleMaps/Maps/Frameworks/GoogleMaps.framework/Resources/GoogleMaps.bundle",
			);
			name = "[CP] Copy Pods Resources";
			outputPaths = (
				"${TARGET_BUILD_DIR}/${UNLOCALIZED_RESOURCES_FOLDER_PATH}/GoogleMaps.bundle",
			);
			runOnlyForDeploymentPostprocessing = 0;
			shellPath = /bin/sh;
			shellScript = "\"${PODS_ROOT}/Target Support Files/Pods-covid19-covid19Tests/Pods-covid19-covid19Tests-resources.sh\"\n";
			showEnvVarsInLog = 0;
		};
		80AD07CEB1EBCCBA2A9A90B5 /* [CP] Copy Pods Resources */ = {
			isa = PBXShellScriptBuildPhase;
			buildActionMask = 2147483647;
			files = (
			);
			inputPaths = (
				"${PODS_ROOT}/Target Support Files/Pods-covid19/Pods-covid19-resources.sh",
				"${PODS_ROOT}/GoogleMaps/Maps/Frameworks/GoogleMaps.framework/Resources/GoogleMaps.bundle",
			);
			name = "[CP] Copy Pods Resources";
			outputPaths = (
				"${TARGET_BUILD_DIR}/${UNLOCALIZED_RESOURCES_FOLDER_PATH}/GoogleMaps.bundle",
			);
			runOnlyForDeploymentPostprocessing = 0;
			shellPath = /bin/sh;
			shellScript = "\"${PODS_ROOT}/Target Support Files/Pods-covid19/Pods-covid19-resources.sh\"\n";
			showEnvVarsInLog = 0;
		};
		CDAD36CE250081EA1CAEF9FD /* [CP] Copy Pods Resources */ = {
			isa = PBXShellScriptBuildPhase;
			buildActionMask = 2147483647;
			files = (
			);
			inputPaths = (
				"${PODS_ROOT}/Target Support Files/Pods-covid19-tvOS/Pods-covid19-tvOS-resources.sh",
				"${PODS_ROOT}/GoogleMaps/Maps/Frameworks/GoogleMaps.framework/Resources/GoogleMaps.bundle",
			);
			name = "[CP] Copy Pods Resources";
			outputPaths = (
				"${TARGET_BUILD_DIR}/${UNLOCALIZED_RESOURCES_FOLDER_PATH}/GoogleMaps.bundle",
			);
			runOnlyForDeploymentPostprocessing = 0;
			shellPath = /bin/sh;
			shellScript = "\"${PODS_ROOT}/Target Support Files/Pods-covid19-tvOS/Pods-covid19-tvOS-resources.sh\"\n";
			showEnvVarsInLog = 0;
		};
		D759EF518593F2820C17AD5E /* [CP] Check Pods Manifest.lock */ = {
			isa = PBXShellScriptBuildPhase;
			buildActionMask = 2147483647;
			files = (
			);
			inputFileListPaths = (
			);
			inputPaths = (
				"${PODS_PODFILE_DIR_PATH}/Podfile.lock",
				"${PODS_ROOT}/Manifest.lock",
			);
			name = "[CP] Check Pods Manifest.lock";
			outputFileListPaths = (
			);
			outputPaths = (
				"$(DERIVED_FILE_DIR)/Pods-covid19-covid19Tests-checkManifestLockResult.txt",
			);
			runOnlyForDeploymentPostprocessing = 0;
			shellPath = /bin/sh;
			shellScript = "diff \"${PODS_PODFILE_DIR_PATH}/Podfile.lock\" \"${PODS_ROOT}/Manifest.lock\" > /dev/null\nif [ $? != 0 ] ; then\n    # print error to STDERR\n    echo \"error: The sandbox is not in sync with the Podfile.lock. Run 'pod install' or update your CocoaPods installation.\" >&2\n    exit 1\nfi\n# This output is used by Xcode 'outputs' to avoid re-running this script phase.\necho \"SUCCESS\" > \"${SCRIPT_OUTPUT_FILE_0}\"\n";
			showEnvVarsInLog = 0;
		};
		EDDF9DBBF705BC04CCFAF554 /* [CP] Check Pods Manifest.lock */ = {
			isa = PBXShellScriptBuildPhase;
			buildActionMask = 2147483647;
			files = (
			);
			inputFileListPaths = (
			);
			inputPaths = (
				"${PODS_PODFILE_DIR_PATH}/Podfile.lock",
				"${PODS_ROOT}/Manifest.lock",
			);
			name = "[CP] Check Pods Manifest.lock";
			outputFileListPaths = (
			);
			outputPaths = (
				"$(DERIVED_FILE_DIR)/Pods-covid19-tvOSTests-checkManifestLockResult.txt",
			);
			runOnlyForDeploymentPostprocessing = 0;
			shellPath = /bin/sh;
			shellScript = "diff \"${PODS_PODFILE_DIR_PATH}/Podfile.lock\" \"${PODS_ROOT}/Manifest.lock\" > /dev/null\nif [ $? != 0 ] ; then\n    # print error to STDERR\n    echo \"error: The sandbox is not in sync with the Podfile.lock. Run 'pod install' or update your CocoaPods installation.\" >&2\n    exit 1\nfi\n# This output is used by Xcode 'outputs' to avoid re-running this script phase.\necho \"SUCCESS\" > \"${SCRIPT_OUTPUT_FILE_0}\"\n";
			showEnvVarsInLog = 0;
		};
		FD10A7F022414F080027D42C /* Start Packager */ = {
			isa = PBXShellScriptBuildPhase;
			buildActionMask = 2147483647;
			files = (
			);
			inputFileListPaths = (
			);
			inputPaths = (
			);
			name = "Start Packager";
			outputFileListPaths = (
			);
			outputPaths = (
			);
			runOnlyForDeploymentPostprocessing = 0;
			shellPath = /bin/sh;
			shellScript = "export RCT_METRO_PORT=\"${RCT_METRO_PORT:=8081}\"\necho \"export RCT_METRO_PORT=${RCT_METRO_PORT}\" > \"${SRCROOT}/../node_modules/react-native/scripts/.packager.env\"\nif [ -z \"${RCT_NO_LAUNCH_PACKAGER+xxx}\" ] ; then\n  if nc -w 5 -z localhost ${RCT_METRO_PORT} ; then\n    if ! curl -s \"http://localhost:${RCT_METRO_PORT}/status\" | grep -q \"packager-status:running\" ; then\n      echo \"Port ${RCT_METRO_PORT} already in use, packager is either not running or not running correctly\"\n      exit 2\n    fi\n  else\n    open \"$SRCROOT/../node_modules/react-native/scripts/launchPackager.command\" || echo \"Can't start packager automatically\"\n  fi\nfi\n";
			showEnvVarsInLog = 0;
		};
		FD10A7F122414F3F0027D42C /* Start Packager */ = {
			isa = PBXShellScriptBuildPhase;
			buildActionMask = 2147483647;
			files = (
			);
			inputFileListPaths = (
			);
			inputPaths = (
			);
			name = "Start Packager";
			outputFileListPaths = (
			);
			outputPaths = (
			);
			runOnlyForDeploymentPostprocessing = 0;
			shellPath = /bin/sh;
			shellScript = "export RCT_METRO_PORT=\"${RCT_METRO_PORT:=8081}\"\necho \"export RCT_METRO_PORT=${RCT_METRO_PORT}\" > \"${SRCROOT}/../node_modules/react-native/scripts/.packager.env\"\nif [ -z \"${RCT_NO_LAUNCH_PACKAGER+xxx}\" ] ; then\n  if nc -w 5 -z localhost ${RCT_METRO_PORT} ; then\n    if ! curl -s \"http://localhost:${RCT_METRO_PORT}/status\" | grep -q \"packager-status:running\" ; then\n      echo \"Port ${RCT_METRO_PORT} already in use, packager is either not running or not running correctly\"\n      exit 2\n    fi\n  else\n    open \"$SRCROOT/../node_modules/react-native/scripts/launchPackager.command\" || echo \"Can't start packager automatically\"\n  fi\nfi\n";
			showEnvVarsInLog = 0;
		};
/* End PBXShellScriptBuildPhase section */

/* Begin PBXSourcesBuildPhase section */
		00E356EA1AD99517003FC87E /* Sources */ = {
			isa = PBXSourcesBuildPhase;
			buildActionMask = 2147483647;
			files = (
				00E356F31AD99517003FC87E /* covid19Tests.m in Sources */,
			);
			runOnlyForDeploymentPostprocessing = 0;
		};
		13B07F871A680F5B00A75B9A /* Sources */ = {
			isa = PBXSourcesBuildPhase;
			buildActionMask = 2147483647;
			files = (
				13B07FBC1A68108700A75B9A /* AppDelegate.m in Sources */,
				13B07FC11A68108700A75B9A /* main.m in Sources */,
			);
			runOnlyForDeploymentPostprocessing = 0;
		};
		2D02E4771E0B4A5D006451C7 /* Sources */ = {
			isa = PBXSourcesBuildPhase;
			buildActionMask = 2147483647;
			files = (
				2D02E4BF1E0B4AB3006451C7 /* main.m in Sources */,
				2D02E4BC1E0B4A80006451C7 /* AppDelegate.m in Sources */,
			);
			runOnlyForDeploymentPostprocessing = 0;
		};
		2D02E48C1E0B4A5D006451C7 /* Sources */ = {
			isa = PBXSourcesBuildPhase;
			buildActionMask = 2147483647;
			files = (
				2DCD954D1E0B4F2C00145EB5 /* covid19Tests.m in Sources */,
			);
			runOnlyForDeploymentPostprocessing = 0;
		};
/* End PBXSourcesBuildPhase section */

/* Begin PBXTargetDependency section */
		00E356F51AD99517003FC87E /* PBXTargetDependency */ = {
			isa = PBXTargetDependency;
			target = 13B07F861A680F5B00A75B9A /* covid19 */;
			targetProxy = 00E356F41AD99517003FC87E /* PBXContainerItemProxy */;
		};
		2D02E4921E0B4A5D006451C7 /* PBXTargetDependency */ = {
			isa = PBXTargetDependency;
			target = 2D02E47A1E0B4A5D006451C7 /* covid19-tvOS */;
			targetProxy = 2D02E4911E0B4A5D006451C7 /* PBXContainerItemProxy */;
		};
/* End PBXTargetDependency section */

/* Begin PBXVariantGroup section */
		13B07FB11A68108700A75B9A /* LaunchScreen.xib */ = {
			isa = PBXVariantGroup;
			children = (
				13B07FB21A68108700A75B9A /* Base */,
			);
			name = LaunchScreen.xib;
			path = covid19;
			sourceTree = "<group>";
		};
/* End PBXVariantGroup section */

/* Begin XCBuildConfiguration section */
		00E356F61AD99517003FC87E /* Debug */ = {
			isa = XCBuildConfiguration;
			baseConfigurationReference = B67C6F11BD937C5DC9497D8D /* Pods-covid19-covid19Tests.debug.xcconfig */;
			buildSettings = {
				BUNDLE_LOADER = "$(TEST_HOST)";
				GCC_PREPROCESSOR_DEFINITIONS = (
					"DEBUG=1",
					"$(inherited)",
				);
				INFOPLIST_FILE = covid19Tests/Info.plist;
				IPHONEOS_DEPLOYMENT_TARGET = 9.0;
				LD_RUNPATH_SEARCH_PATHS = "$(inherited) @executable_path/Frameworks @loader_path/Frameworks";
				OTHER_LDFLAGS = (
					"-ObjC",
					"-lc++",
					"$(inherited)",
				);
				PRODUCT_BUNDLE_IDENTIFIER = "org.reactjs.native.example.$(PRODUCT_NAME:rfc1034identifier)";
				PRODUCT_NAME = "$(TARGET_NAME)";
				TEST_HOST = "$(BUILT_PRODUCTS_DIR)/covid19.app/covid19";
			};
			name = Debug;
		};
		00E356F71AD99517003FC87E /* Release */ = {
			isa = XCBuildConfiguration;
			baseConfigurationReference = 9CD6B632B7E39ADC7B64C5D6 /* Pods-covid19-covid19Tests.release.xcconfig */;
			buildSettings = {
				BUNDLE_LOADER = "$(TEST_HOST)";
				COPY_PHASE_STRIP = NO;
				INFOPLIST_FILE = covid19Tests/Info.plist;
				IPHONEOS_DEPLOYMENT_TARGET = 9.0;
				LD_RUNPATH_SEARCH_PATHS = "$(inherited) @executable_path/Frameworks @loader_path/Frameworks";
				OTHER_LDFLAGS = (
					"-ObjC",
					"-lc++",
					"$(inherited)",
				);
				PRODUCT_BUNDLE_IDENTIFIER = "org.reactjs.native.example.$(PRODUCT_NAME:rfc1034identifier)";
				PRODUCT_NAME = "$(TARGET_NAME)";
				TEST_HOST = "$(BUILT_PRODUCTS_DIR)/covid19.app/covid19";
			};
			name = Release;
		};
		13B07F941A680F5B00A75B9A /* Debug */ = {
			isa = XCBuildConfiguration;
			baseConfigurationReference = B40CA434AE22FA49C17727C2 /* Pods-covid19.debug.xcconfig */;
			buildSettings = {
				ASSETCATALOG_COMPILER_APPICON_NAME = AppIcon;
				CLANG_ENABLE_MODULES = YES;
				CURRENT_PROJECT_VERSION = 1;
				ENABLE_BITCODE = NO;
				GCC_PREPROCESSOR_DEFINITIONS = (
					"$(inherited)",
					"FB_SONARKIT_ENABLED=1",
				);
				INFOPLIST_FILE = covid19/Info.plist;
				LD_RUNPATH_SEARCH_PATHS = "$(inherited) @executable_path/Frameworks";
				OTHER_LDFLAGS = (
					"$(inherited)",
					"-ObjC",
					"-lc++",
				);
				PRODUCT_BUNDLE_IDENTIFIER = "org.reactjs.native.example.$(PRODUCT_NAME:rfc1034identifier)";
				PRODUCT_NAME = covid19;
				SWIFT_OPTIMIZATION_LEVEL = "-Onone";
				SWIFT_VERSION = 5.0;
				VERSIONING_SYSTEM = "apple-generic";
			};
			name = Debug;
		};
		13B07F951A680F5B00A75B9A /* Release */ = {
			isa = XCBuildConfiguration;
			baseConfigurationReference = E9B4DE1A36AF4AC1ADF5169D /* Pods-covid19.release.xcconfig */;
			buildSettings = {
				ASSETCATALOG_COMPILER_APPICON_NAME = AppIcon;
				CLANG_ENABLE_MODULES = YES;
				CURRENT_PROJECT_VERSION = 1;
				INFOPLIST_FILE = covid19/Info.plist;
				LD_RUNPATH_SEARCH_PATHS = "$(inherited) @executable_path/Frameworks";
				OTHER_LDFLAGS = (
					"$(inherited)",
					"-ObjC",
					"-lc++",
				);
				PRODUCT_BUNDLE_IDENTIFIER = "org.reactjs.native.example.$(PRODUCT_NAME:rfc1034identifier)";
				PRODUCT_NAME = covid19;
				SWIFT_VERSION = 5.0;
				VERSIONING_SYSTEM = "apple-generic";
			};
			name = Release;
		};
		2D02E4971E0B4A5E006451C7 /* Debug */ = {
			isa = XCBuildConfiguration;
			baseConfigurationReference = 3B2B5D9D53FE296E0F4E05EB /* Pods-covid19-tvOS.debug.xcconfig */;
			buildSettings = {
				ASSETCATALOG_COMPILER_APPICON_NAME = "App Icon & Top Shelf Image";
				ASSETCATALOG_COMPILER_LAUNCHIMAGE_NAME = LaunchImage;
				CLANG_ANALYZER_NONNULL = YES;
				CLANG_WARN_DOCUMENTATION_COMMENTS = YES;
				CLANG_WARN_INFINITE_RECURSION = YES;
				CLANG_WARN_SUSPICIOUS_MOVE = YES;
				DEBUG_INFORMATION_FORMAT = dwarf;
				ENABLE_TESTABILITY = YES;
				GCC_NO_COMMON_BLOCKS = YES;
				INFOPLIST_FILE = "covid19-tvOS/Info.plist";
				LD_RUNPATH_SEARCH_PATHS = "$(inherited) @executable_path/Frameworks";
				OTHER_LDFLAGS = (
					"$(inherited)",
					"-ObjC",
					"-lc++",
				);
				PRODUCT_BUNDLE_IDENTIFIER = "org.reactjs.native.example.covid19-tvOS";
				PRODUCT_NAME = "$(TARGET_NAME)";
				SDKROOT = appletvos;
				TARGETED_DEVICE_FAMILY = 3;
				TVOS_DEPLOYMENT_TARGET = 9.2;
			};
			name = Debug;
		};
		2D02E4981E0B4A5E006451C7 /* Release */ = {
			isa = XCBuildConfiguration;
			baseConfigurationReference = E39DE325724980AF283D659F /* Pods-covid19-tvOS.release.xcconfig */;
			buildSettings = {
				ASSETCATALOG_COMPILER_APPICON_NAME = "App Icon & Top Shelf Image";
				ASSETCATALOG_COMPILER_LAUNCHIMAGE_NAME = LaunchImage;
				CLANG_ANALYZER_NONNULL = YES;
				CLANG_WARN_DOCUMENTATION_COMMENTS = YES;
				CLANG_WARN_INFINITE_RECURSION = YES;
				CLANG_WARN_SUSPICIOUS_MOVE = YES;
				COPY_PHASE_STRIP = NO;
				DEBUG_INFORMATION_FORMAT = "dwarf-with-dsym";
				GCC_NO_COMMON_BLOCKS = YES;
				INFOPLIST_FILE = "covid19-tvOS/Info.plist";
				LD_RUNPATH_SEARCH_PATHS = "$(inherited) @executable_path/Frameworks";
				OTHER_LDFLAGS = (
					"$(inherited)",
					"-ObjC",
					"-lc++",
				);
				PRODUCT_BUNDLE_IDENTIFIER = "org.reactjs.native.example.covid19-tvOS";
				PRODUCT_NAME = "$(TARGET_NAME)";
				SDKROOT = appletvos;
				TARGETED_DEVICE_FAMILY = 3;
				TVOS_DEPLOYMENT_TARGET = 9.2;
			};
			name = Release;
		};
		2D02E4991E0B4A5E006451C7 /* Debug */ = {
			isa = XCBuildConfiguration;
			baseConfigurationReference = 995C2A7F2CFEBECF6B282B43 /* Pods-covid19-tvOSTests.debug.xcconfig */;
			buildSettings = {
				BUNDLE_LOADER = "$(TEST_HOST)";
				CLANG_ANALYZER_NONNULL = YES;
				CLANG_WARN_DOCUMENTATION_COMMENTS = YES;
				CLANG_WARN_INFINITE_RECURSION = YES;
				CLANG_WARN_SUSPICIOUS_MOVE = YES;
				DEBUG_INFORMATION_FORMAT = dwarf;
				ENABLE_TESTABILITY = YES;
				GCC_NO_COMMON_BLOCKS = YES;
				INFOPLIST_FILE = "covid19-tvOSTests/Info.plist";
				LD_RUNPATH_SEARCH_PATHS = "$(inherited) @executable_path/Frameworks @loader_path/Frameworks";
				OTHER_LDFLAGS = (
					"$(inherited)",
					"-ObjC",
					"-lc++",
				);
				PRODUCT_BUNDLE_IDENTIFIER = "org.reactjs.native.example.covid19-tvOSTests";
				PRODUCT_NAME = "$(TARGET_NAME)";
				SDKROOT = appletvos;
				TEST_HOST = "$(BUILT_PRODUCTS_DIR)/covid19-tvOS.app/covid19-tvOS";
				TVOS_DEPLOYMENT_TARGET = 10.1;
			};
			name = Debug;
		};
		2D02E49A1E0B4A5E006451C7 /* Release */ = {
			isa = XCBuildConfiguration;
			baseConfigurationReference = CD8C27FA1837A281CF0B594D /* Pods-covid19-tvOSTests.release.xcconfig */;
			buildSettings = {
				BUNDLE_LOADER = "$(TEST_HOST)";
				CLANG_ANALYZER_NONNULL = YES;
				CLANG_WARN_DOCUMENTATION_COMMENTS = YES;
				CLANG_WARN_INFINITE_RECURSION = YES;
				CLANG_WARN_SUSPICIOUS_MOVE = YES;
				COPY_PHASE_STRIP = NO;
				DEBUG_INFORMATION_FORMAT = "dwarf-with-dsym";
				GCC_NO_COMMON_BLOCKS = YES;
				INFOPLIST_FILE = "covid19-tvOSTests/Info.plist";
				LD_RUNPATH_SEARCH_PATHS = "$(inherited) @executable_path/Frameworks @loader_path/Frameworks";
				OTHER_LDFLAGS = (
					"$(inherited)",
					"-ObjC",
					"-lc++",
				);
				PRODUCT_BUNDLE_IDENTIFIER = "org.reactjs.native.example.covid19-tvOSTests";
				PRODUCT_NAME = "$(TARGET_NAME)";
				SDKROOT = appletvos;
				TEST_HOST = "$(BUILT_PRODUCTS_DIR)/covid19-tvOS.app/covid19-tvOS";
				TVOS_DEPLOYMENT_TARGET = 10.1;
			};
			name = Release;
		};
		83CBBA201A601CBA00E9B192 /* Debug */ = {
			isa = XCBuildConfiguration;
			buildSettings = {
				ALWAYS_SEARCH_USER_PATHS = NO;
				CLANG_ANALYZER_LOCALIZABILITY_NONLOCALIZED = YES;
				CLANG_CXX_LANGUAGE_STANDARD = "gnu++0x";
				CLANG_CXX_LIBRARY = "libc++";
				CLANG_ENABLE_MODULES = YES;
				CLANG_ENABLE_OBJC_ARC = YES;
				CLANG_WARN_BLOCK_CAPTURE_AUTORELEASING = YES;
				CLANG_WARN_BOOL_CONVERSION = YES;
				CLANG_WARN_COMMA = YES;
				CLANG_WARN_CONSTANT_CONVERSION = YES;
				CLANG_WARN_DEPRECATED_OBJC_IMPLEMENTATIONS = YES;
				CLANG_WARN_DIRECT_OBJC_ISA_USAGE = YES_ERROR;
				CLANG_WARN_EMPTY_BODY = YES;
				CLANG_WARN_ENUM_CONVERSION = YES;
				CLANG_WARN_INFINITE_RECURSION = YES;
				CLANG_WARN_INT_CONVERSION = YES;
				CLANG_WARN_NON_LITERAL_NULL_CONVERSION = YES;
				CLANG_WARN_OBJC_IMPLICIT_RETAIN_SELF = YES;
				CLANG_WARN_OBJC_LITERAL_CONVERSION = YES;
				CLANG_WARN_OBJC_ROOT_CLASS = YES_ERROR;
				CLANG_WARN_RANGE_LOOP_ANALYSIS = YES;
				CLANG_WARN_STRICT_PROTOTYPES = YES;
				CLANG_WARN_SUSPICIOUS_MOVE = YES;
				CLANG_WARN_UNREACHABLE_CODE = YES;
				CLANG_WARN__DUPLICATE_METHOD_MATCH = YES;
				"CODE_SIGN_IDENTITY[sdk=iphoneos*]" = "iPhone Developer";
				COPY_PHASE_STRIP = NO;
				ENABLE_STRICT_OBJC_MSGSEND = YES;
				ENABLE_TESTABILITY = YES;
				GCC_C_LANGUAGE_STANDARD = gnu99;
				GCC_DYNAMIC_NO_PIC = NO;
				GCC_NO_COMMON_BLOCKS = YES;
				GCC_OPTIMIZATION_LEVEL = 0;
				GCC_PREPROCESSOR_DEFINITIONS = (
					"DEBUG=1",
					"$(inherited)",
				);
				GCC_SYMBOLS_PRIVATE_EXTERN = NO;
				GCC_WARN_64_TO_32_BIT_CONVERSION = YES;
				GCC_WARN_ABOUT_RETURN_TYPE = YES_ERROR;
				GCC_WARN_UNDECLARED_SELECTOR = YES;
				GCC_WARN_UNINITIALIZED_AUTOS = YES_AGGRESSIVE;
				GCC_WARN_UNUSED_FUNCTION = YES;
				GCC_WARN_UNUSED_VARIABLE = YES;
				IPHONEOS_DEPLOYMENT_TARGET = 9.0;
				LD_RUNPATH_SEARCH_PATHS = "/usr/lib/swift $(inherited)";
				LIBRARY_SEARCH_PATHS = (
					"\"$(TOOLCHAIN_DIR)/usr/lib/swift/$(PLATFORM_NAME)\"",
					"\"$(TOOLCHAIN_DIR)/usr/lib/swift-5.0/$(PLATFORM_NAME)\"",
					"\"$(inherited)\"",
				);
				MTL_ENABLE_DEBUG_INFO = YES;
				ONLY_ACTIVE_ARCH = YES;
				SDKROOT = iphoneos;
			};
			name = Debug;
		};
		83CBBA211A601CBA00E9B192 /* Release */ = {
			isa = XCBuildConfiguration;
			buildSettings = {
				ALWAYS_SEARCH_USER_PATHS = NO;
				CLANG_ANALYZER_LOCALIZABILITY_NONLOCALIZED = YES;
				CLANG_CXX_LANGUAGE_STANDARD = "gnu++0x";
				CLANG_CXX_LIBRARY = "libc++";
				CLANG_ENABLE_MODULES = YES;
				CLANG_ENABLE_OBJC_ARC = YES;
				CLANG_WARN_BLOCK_CAPTURE_AUTORELEASING = YES;
				CLANG_WARN_BOOL_CONVERSION = YES;
				CLANG_WARN_COMMA = YES;
				CLANG_WARN_CONSTANT_CONVERSION = YES;
				CLANG_WARN_DEPRECATED_OBJC_IMPLEMENTATIONS = YES;
				CLANG_WARN_DIRECT_OBJC_ISA_USAGE = YES_ERROR;
				CLANG_WARN_EMPTY_BODY = YES;
				CLANG_WARN_ENUM_CONVERSION = YES;
				CLANG_WARN_INFINITE_RECURSION = YES;
				CLANG_WARN_INT_CONVERSION = YES;
				CLANG_WARN_NON_LITERAL_NULL_CONVERSION = YES;
				CLANG_WARN_OBJC_IMPLICIT_RETAIN_SELF = YES;
				CLANG_WARN_OBJC_LITERAL_CONVERSION = YES;
				CLANG_WARN_OBJC_ROOT_CLASS = YES_ERROR;
				CLANG_WARN_RANGE_LOOP_ANALYSIS = YES;
				CLANG_WARN_STRICT_PROTOTYPES = YES;
				CLANG_WARN_SUSPICIOUS_MOVE = YES;
				CLANG_WARN_UNREACHABLE_CODE = YES;
				CLANG_WARN__DUPLICATE_METHOD_MATCH = YES;
				"CODE_SIGN_IDENTITY[sdk=iphoneos*]" = "iPhone Developer";
				COPY_PHASE_STRIP = YES;
				ENABLE_NS_ASSERTIONS = NO;
				ENABLE_STRICT_OBJC_MSGSEND = YES;
				GCC_C_LANGUAGE_STANDARD = gnu99;
				GCC_NO_COMMON_BLOCKS = YES;
				GCC_WARN_64_TO_32_BIT_CONVERSION = YES;
				GCC_WARN_ABOUT_RETURN_TYPE = YES_ERROR;
				GCC_WARN_UNDECLARED_SELECTOR = YES;
				GCC_WARN_UNINITIALIZED_AUTOS = YES_AGGRESSIVE;
				GCC_WARN_UNUSED_FUNCTION = YES;
				GCC_WARN_UNUSED_VARIABLE = YES;
				IPHONEOS_DEPLOYMENT_TARGET = 9.0;
				LD_RUNPATH_SEARCH_PATHS = "/usr/lib/swift $(inherited)";
				LIBRARY_SEARCH_PATHS = (
					"\"$(TOOLCHAIN_DIR)/usr/lib/swift/$(PLATFORM_NAME)\"",
					"\"$(TOOLCHAIN_DIR)/usr/lib/swift-5.0/$(PLATFORM_NAME)\"",
					"\"$(inherited)\"",
				);
				MTL_ENABLE_DEBUG_INFO = NO;
				SDKROOT = iphoneos;
				VALIDATE_PRODUCT = YES;
			};
			name = Release;
		};
/* End XCBuildConfiguration section */

/* Begin XCConfigurationList section */
		00E357021AD99517003FC87E /* Build configuration list for PBXNativeTarget "covid19Tests" */ = {
			isa = XCConfigurationList;
			buildConfigurations = (
				00E356F61AD99517003FC87E /* Debug */,
				00E356F71AD99517003FC87E /* Release */,
			);
			defaultConfigurationIsVisible = 0;
			defaultConfigurationName = Release;
		};
		13B07F931A680F5B00A75B9A /* Build configuration list for PBXNativeTarget "covid19" */ = {
			isa = XCConfigurationList;
			buildConfigurations = (
				13B07F941A680F5B00A75B9A /* Debug */,
				13B07F951A680F5B00A75B9A /* Release */,
			);
			defaultConfigurationIsVisible = 0;
			defaultConfigurationName = Release;
		};
		2D02E4BA1E0B4A5E006451C7 /* Build configuration list for PBXNativeTarget "covid19-tvOS" */ = {
			isa = XCConfigurationList;
			buildConfigurations = (
				2D02E4971E0B4A5E006451C7 /* Debug */,
				2D02E4981E0B4A5E006451C7 /* Release */,
			);
			defaultConfigurationIsVisible = 0;
			defaultConfigurationName = Release;
		};
		2D02E4BB1E0B4A5E006451C7 /* Build configuration list for PBXNativeTarget "covid19-tvOSTests" */ = {
			isa = XCConfigurationList;
			buildConfigurations = (
				2D02E4991E0B4A5E006451C7 /* Debug */,
				2D02E49A1E0B4A5E006451C7 /* Release */,
			);
			defaultConfigurationIsVisible = 0;
			defaultConfigurationName = Release;
		};
		83CBB9FA1A601CBA00E9B192 /* Build configuration list for PBXProject "covid19" */ = {
			isa = XCConfigurationList;
			buildConfigurations = (
				83CBBA201A601CBA00E9B192 /* Debug */,
				83CBBA211A601CBA00E9B192 /* Release */,
			);
			defaultConfigurationIsVisible = 0;
			defaultConfigurationName = Release;
		};
/* End XCConfigurationList section */
	};
	rootObject = 83CBB9F71A601CBA00E9B192 /* Project object */;
}
